// !$*UTF8*$!
{
	archiveVersion = 1;
	classes = {
	};
	objectVersion = 50;
	objects = {

/* Begin PBXBuildFile section */
		FF06BA512658103000DFC75E /* AppDelegate.swift in Sources */ = {isa = PBXBuildFile; fileRef = FF06BA502658103000DFC75E /* AppDelegate.swift */; };
		FF06BA532658103000DFC75E /* SceneDelegate.swift in Sources */ = {isa = PBXBuildFile; fileRef = FF06BA522658103000DFC75E /* SceneDelegate.swift */; };
		FF06BA552658103000DFC75E /* ConverstationsViewController.swift in Sources */ = {isa = PBXBuildFile; fileRef = FF06BA542658103000DFC75E /* ConverstationsViewController.swift */; };
		FF06BA582658103000DFC75E /* Main.storyboard in Resources */ = {isa = PBXBuildFile; fileRef = FF06BA562658103000DFC75E /* Main.storyboard */; };
		FF06BA5A2658103400DFC75E /* Assets.xcassets in Resources */ = {isa = PBXBuildFile; fileRef = FF06BA592658103400DFC75E /* Assets.xcassets */; };
		FF06BA5D2658103400DFC75E /* LaunchScreen.storyboard in Resources */ = {isa = PBXBuildFile; fileRef = FF06BA5B2658103400DFC75E /* LaunchScreen.storyboard */; };
		FF06BA8726581E7A00DFC75E /* LoginViewController.swift in Sources */ = {isa = PBXBuildFile; fileRef = FF06BA8626581E7A00DFC75E /* LoginViewController.swift */; };
		FF06BA8926581EDC00DFC75E /* RegisterViewController.swift in Sources */ = {isa = PBXBuildFile; fileRef = FF06BA8826581EDC00DFC75E /* RegisterViewController.swift */; };
		FF06BA8B26581F1F00DFC75E /* PhoneViewerViewController.swift in Sources */ = {isa = PBXBuildFile; fileRef = FF06BA8A26581F1F00DFC75E /* PhoneViewerViewController.swift */; };
		FF06BA8D26581F5900DFC75E /* VideoPlayerViewController.swift in Sources */ = {isa = PBXBuildFile; fileRef = FF06BA8C26581F5900DFC75E /* VideoPlayerViewController.swift */; };
		FF06BA8F26581F9500DFC75E /* NewConverstationViewController.swift in Sources */ = {isa = PBXBuildFile; fileRef = FF06BA8E26581F9500DFC75E /* NewConverstationViewController.swift */; };
		FF06BA9126581FC300DFC75E /* ProfileViewController.swift in Sources */ = {isa = PBXBuildFile; fileRef = FF06BA9026581FC300DFC75E /* ProfileViewController.swift */; };
/* End PBXBuildFile section */

/* Begin PBXContainerItemProxy section */
		FF06BA642658103400DFC75E /* PBXContainerItemProxy */ = {
			isa = PBXContainerItemProxy;
			containerPortal = FF06BA452658103000DFC75E /* Project object */;
			proxyType = 1;
			remoteGlobalIDString = FF06BA4C2658103000DFC75E;
			remoteInfo = MangDream;
		};
		FF06BA6F2658103400DFC75E /* PBXContainerItemProxy */ = {
			isa = PBXContainerItemProxy;
			containerPortal = FF06BA452658103000DFC75E /* Project object */;
			proxyType = 1;
			remoteGlobalIDString = FF06BA4C2658103000DFC75E;
			remoteInfo = MangDream;
		};
/* End PBXContainerItemProxy section */

/* Begin PBXFileReference section */
		FF06BA4D2658103000DFC75E /* MangDream.app */ = {isa = PBXFileReference; explicitFileType = wrapper.application; includeInIndex = 0; path = MangDream.app; sourceTree = BUILT_PRODUCTS_DIR; };
		FF06BA502658103000DFC75E /* AppDelegate.swift */ = {isa = PBXFileReference; lastKnownFileType = sourcecode.swift; path = AppDelegate.swift; sourceTree = "<group>"; };
		FF06BA522658103000DFC75E /* SceneDelegate.swift */ = {isa = PBXFileReference; lastKnownFileType = sourcecode.swift; path = SceneDelegate.swift; sourceTree = "<group>"; };
		FF06BA542658103000DFC75E /* ConverstationsViewController.swift */ = {isa = PBXFileReference; lastKnownFileType = sourcecode.swift; path = ConverstationsViewController.swift; sourceTree = "<group>"; };
		FF06BA572658103000DFC75E /* Base */ = {isa = PBXFileReference; lastKnownFileType = file.storyboard; name = Base; path = Base.lproj/Main.storyboard; sourceTree = "<group>"; };
		FF06BA592658103400DFC75E /* Assets.xcassets */ = {isa = PBXFileReference; lastKnownFileType = folder.assetcatalog; path = Assets.xcassets; sourceTree = "<group>"; };
		FF06BA5C2658103400DFC75E /* Base */ = {isa = PBXFileReference; lastKnownFileType = file.storyboard; name = Base; path = Base.lproj/LaunchScreen.storyboard; sourceTree = "<group>"; };
		FF06BA5E2658103400DFC75E /* Info.plist */ = {isa = PBXFileReference; lastKnownFileType = text.plist.xml; path = Info.plist; sourceTree = "<group>"; };
		FF06BA632658103400DFC75E /* MangDreamTests.xctest */ = {isa = PBXFileReference; explicitFileType = wrapper.cfbundle; includeInIndex = 0; path = MangDreamTests.xctest; sourceTree = BUILT_PRODUCTS_DIR; };
		FF06BA6E2658103400DFC75E /* MangDreamUITests.xctest */ = {isa = PBXFileReference; explicitFileType = wrapper.cfbundle; includeInIndex = 0; path = MangDreamUITests.xctest; sourceTree = BUILT_PRODUCTS_DIR; };
		FF06BA8626581E7A00DFC75E /* LoginViewController.swift */ = {isa = PBXFileReference; lastKnownFileType = sourcecode.swift; path = LoginViewController.swift; sourceTree = "<group>"; };
		FF06BA8826581EDC00DFC75E /* RegisterViewController.swift */ = {isa = PBXFileReference; lastKnownFileType = sourcecode.swift; path = RegisterViewController.swift; sourceTree = "<group>"; };
		FF06BA8A26581F1F00DFC75E /* PhoneViewerViewController.swift */ = {isa = PBXFileReference; lastKnownFileType = sourcecode.swift; path = PhoneViewerViewController.swift; sourceTree = "<group>"; };
		FF06BA8C26581F5900DFC75E /* VideoPlayerViewController.swift */ = {isa = PBXFileReference; lastKnownFileType = sourcecode.swift; path = VideoPlayerViewController.swift; sourceTree = "<group>"; };
		FF06BA8E26581F9500DFC75E /* NewConverstationViewController.swift */ = {isa = PBXFileReference; lastKnownFileType = sourcecode.swift; path = NewConverstationViewController.swift; sourceTree = "<group>"; };
		FF06BA9026581FC300DFC75E /* ProfileViewController.swift */ = {isa = PBXFileReference; lastKnownFileType = sourcecode.swift; path = ProfileViewController.swift; sourceTree = "<group>"; };
/* End PBXFileReference section */

/* Begin PBXFrameworksBuildPhase section */
		FF06BA4A2658103000DFC75E /* Frameworks */ = {
			isa = PBXFrameworksBuildPhase;
			buildActionMask = 2147483647;
			files = (
			);
			runOnlyForDeploymentPostprocessing = 0;
		};
		FF06BA602658103400DFC75E /* Frameworks */ = {
			isa = PBXFrameworksBuildPhase;
			buildActionMask = 2147483647;
			files = (
			);
			runOnlyForDeploymentPostprocessing = 0;
		};
		FF06BA6B2658103400DFC75E /* Frameworks */ = {
			isa = PBXFrameworksBuildPhase;
			buildActionMask = 2147483647;
			files = (
			);
			runOnlyForDeploymentPostprocessing = 0;
		};
/* End PBXFrameworksBuildPhase section */

/* Begin PBXGroup section */
		FF06BA442658102F00DFC75E = {
			isa = PBXGroup;
			children = (
				FF06BA4F2658103000DFC75E /* MangDream */,
				FF06BA4E2658103000DFC75E /* Products */,
			);
			sourceTree = "<group>";
		};
		FF06BA4E2658103000DFC75E /* Products */ = {
			isa = PBXGroup;
			children = (
				FF06BA4D2658103000DFC75E /* MangDream.app */,
				FF06BA632658103400DFC75E /* MangDreamTests.xctest */,
				FF06BA6E2658103400DFC75E /* MangDreamUITests.xctest */,
			);
			name = Products;
			sourceTree = "<group>";
		};
		FF06BA4F2658103000DFC75E /* MangDream */ = {
			isa = PBXGroup;
			children = (
				FF06BA84265810EE00DFC75E /* Resources */,
				FF06BA83265810E400DFC75E /* ViewModels */,
				FF06BA82265810DC00DFC75E /* Models */,
				FF06BA81265810D100DFC75E /* Views */,
				FF06BA80265810C500DFC75E /* Controllers */,
				FF06BA5E2658103400DFC75E /* Info.plist */,
			);
			path = MangDream;
			sourceTree = "<group>";
		};
		FF06BA80265810C500DFC75E /* Controllers */ = {
			isa = PBXGroup;
			children = (
				FF06BA542658103000DFC75E /* ConverstationsViewController.swift */,
				FF06BA8626581E7A00DFC75E /* LoginViewController.swift */,
				FF06BA8826581EDC00DFC75E /* RegisterViewController.swift */,
				FF06BA8A26581F1F00DFC75E /* PhoneViewerViewController.swift */,
				FF06BA8C26581F5900DFC75E /* VideoPlayerViewController.swift */,
				FF06BA8E26581F9500DFC75E /* NewConverstationViewController.swift */,
				FF06BA9026581FC300DFC75E /* ProfileViewController.swift */,
			);
			path = Controllers;
			sourceTree = "<group>";
		};
		FF06BA81265810D100DFC75E /* Views */ = {
			isa = PBXGroup;
			children = (
				FF06BA85265810FB00DFC75E /* Storyboards */,
				FF06BA592658103400DFC75E /* Assets.xcassets */,
			);
			path = Views;
			sourceTree = "<group>";
		};
		FF06BA82265810DC00DFC75E /* Models */ = {
			isa = PBXGroup;
			children = (
			);
			path = Models;
			sourceTree = "<group>";
		};
		FF06BA83265810E400DFC75E /* ViewModels */ = {
			isa = PBXGroup;
			children = (
			);
			path = ViewModels;
			sourceTree = "<group>";
		};
		FF06BA84265810EE00DFC75E /* Resources */ = {
			isa = PBXGroup;
			children = (
				FF06BA502658103000DFC75E /* AppDelegate.swift */,
				FF06BA522658103000DFC75E /* SceneDelegate.swift */,
			);
			path = Resources;
			sourceTree = "<group>";
		};
		FF06BA85265810FB00DFC75E /* Storyboards */ = {
			isa = PBXGroup;
			children = (
				FF06BA562658103000DFC75E /* Main.storyboard */,
				FF06BA5B2658103400DFC75E /* LaunchScreen.storyboard */,
			);
			path = Storyboards;
			sourceTree = "<group>";
		};
/* End PBXGroup section */

/* Begin PBXNativeTarget section */
		FF06BA4C2658103000DFC75E /* MangDream */ = {
			isa = PBXNativeTarget;
			buildConfigurationList = FF06BA772658103500DFC75E /* Build configuration list for PBXNativeTarget "MangDream" */;
			buildPhases = (
				FF06BA492658103000DFC75E /* Sources */,
				FF06BA4A2658103000DFC75E /* Frameworks */,
				FF06BA4B2658103000DFC75E /* Resources */,
			);
			buildRules = (
			);
			dependencies = (
			);
			name = MangDream;
			productName = MangDream;
			productReference = FF06BA4D2658103000DFC75E /* MangDream.app */;
			productType = "com.apple.product-type.application";
		};
		FF06BA622658103400DFC75E /* MangDreamTests */ = {
			isa = PBXNativeTarget;
			buildConfigurationList = FF06BA7A2658103500DFC75E /* Build configuration list for PBXNativeTarget "MangDreamTests" */;
			buildPhases = (
				FF06BA5F2658103400DFC75E /* Sources */,
				FF06BA602658103400DFC75E /* Frameworks */,
				FF06BA612658103400DFC75E /* Resources */,
			);
			buildRules = (
			);
			dependencies = (
				FF06BA652658103400DFC75E /* PBXTargetDependency */,
			);
			name = MangDreamTests;
			productName = MangDreamTests;
			productReference = FF06BA632658103400DFC75E /* MangDreamTests.xctest */;
			productType = "com.apple.product-type.bundle.unit-test";
		};
		FF06BA6D2658103400DFC75E /* MangDreamUITests */ = {
			isa = PBXNativeTarget;
			buildConfigurationList = FF06BA7D2658103500DFC75E /* Build configuration list for PBXNativeTarget "MangDreamUITests" */;
			buildPhases = (
				FF06BA6A2658103400DFC75E /* Sources */,
				FF06BA6B2658103400DFC75E /* Frameworks */,
				FF06BA6C2658103400DFC75E /* Resources */,
			);
			buildRules = (
			);
			dependencies = (
				FF06BA702658103400DFC75E /* PBXTargetDependency */,
			);
			name = MangDreamUITests;
			productName = MangDreamUITests;
			productReference = FF06BA6E2658103400DFC75E /* MangDreamUITests.xctest */;
			productType = "com.apple.product-type.bundle.ui-testing";
		};
/* End PBXNativeTarget section */

/* Begin PBXProject section */
		FF06BA452658103000DFC75E /* Project object */ = {
			isa = PBXProject;
			attributes = {
				LastSwiftUpdateCheck = 1250;
				LastUpgradeCheck = 1250;
				TargetAttributes = {
					FF06BA4C2658103000DFC75E = {
						CreatedOnToolsVersion = 12.5;
					};
					FF06BA622658103400DFC75E = {
						CreatedOnToolsVersion = 12.5;
						TestTargetID = FF06BA4C2658103000DFC75E;
					};
					FF06BA6D2658103400DFC75E = {
						CreatedOnToolsVersion = 12.5;
						TestTargetID = FF06BA4C2658103000DFC75E;
					};
				};
			};
			buildConfigurationList = FF06BA482658103000DFC75E /* Build configuration list for PBXProject "MangDream" */;
			compatibilityVersion = "Xcode 9.3";
			developmentRegion = en;
			hasScannedForEncodings = 0;
			knownRegions = (
				en,
				Base,
			);
			mainGroup = FF06BA442658102F00DFC75E;
			productRefGroup = FF06BA4E2658103000DFC75E /* Products */;
			projectDirPath = "";
			projectRoot = "";
			targets = (
				FF06BA4C2658103000DFC75E /* MangDream */,
				FF06BA622658103400DFC75E /* MangDreamTests */,
				FF06BA6D2658103400DFC75E /* MangDreamUITests */,
			);
		};
/* End PBXProject section */

/* Begin PBXResourcesBuildPhase section */
		FF06BA4B2658103000DFC75E /* Resources */ = {
			isa = PBXResourcesBuildPhase;
			buildActionMask = 2147483647;
			files = (
				FF06BA5D2658103400DFC75E /* LaunchScreen.storyboard in Resources */,
				FF06BA5A2658103400DFC75E /* Assets.xcassets in Resources */,
				FF06BA582658103000DFC75E /* Main.storyboard in Resources */,
			);
			runOnlyForDeploymentPostprocessing = 0;
		};
		FF06BA612658103400DFC75E /* Resources */ = {
			isa = PBXResourcesBuildPhase;
			buildActionMask = 2147483647;
			files = (
			);
			runOnlyForDeploymentPostprocessing = 0;
		};
		FF06BA6C2658103400DFC75E /* Resources */ = {
			isa = PBXResourcesBuildPhase;
			buildActionMask = 2147483647;
			files = (
			);
			runOnlyForDeploymentPostprocessing = 0;
		};
/* End PBXResourcesBuildPhase section */

/* Begin PBXSourcesBuildPhase section */
		FF06BA492658103000DFC75E /* Sources */ = {
			isa = PBXSourcesBuildPhase;
			buildActionMask = 2147483647;
			files = (
				FF06BA8726581E7A00DFC75E /* LoginViewController.swift in Sources */,
				FF06BA8926581EDC00DFC75E /* RegisterViewController.swift in Sources */,
				FF06BA552658103000DFC75E /* ConverstationsViewController.swift in Sources */,
				FF06BA8D26581F5900DFC75E /* VideoPlayerViewController.swift in Sources */,
				FF06BA8B26581F1F00DFC75E /* PhoneViewerViewController.swift in Sources */,
				FF06BA512658103000DFC75E /* AppDelegate.swift in Sources */,
				FF06BA9126581FC300DFC75E /* ProfileViewController.swift in Sources */,
				FF06BA532658103000DFC75E /* SceneDelegate.swift in Sources */,
				FF06BA8F26581F9500DFC75E /* NewConverstationViewController.swift in Sources */,
			);
			runOnlyForDeploymentPostprocessing = 0;
		};
		FF06BA5F2658103400DFC75E /* Sources */ = {
			isa = PBXSourcesBuildPhase;
			buildActionMask = 2147483647;
			files = (
			);
			runOnlyForDeploymentPostprocessing = 0;
		};
		FF06BA6A2658103400DFC75E /* Sources */ = {
			isa = PBXSourcesBuildPhase;
			buildActionMask = 2147483647;
			files = (
			);
			runOnlyForDeploymentPostprocessing = 0;
		};
/* End PBXSourcesBuildPhase section */

/* Begin PBXTargetDependency section */
		FF06BA652658103400DFC75E /* PBXTargetDependency */ = {
			isa = PBXTargetDependency;
			target = FF06BA4C2658103000DFC75E /* MangDream */;
			targetProxy = FF06BA642658103400DFC75E /* PBXContainerItemProxy */;
		};
		FF06BA702658103400DFC75E /* PBXTargetDependency */ = {
			isa = PBXTargetDependency;
			target = FF06BA4C2658103000DFC75E /* MangDream */;
			targetProxy = FF06BA6F2658103400DFC75E /* PBXContainerItemProxy */;
		};
/* End PBXTargetDependency section */

/* Begin PBXVariantGroup section */
		FF06BA562658103000DFC75E /* Main.storyboard */ = {
			isa = PBXVariantGroup;
			children = (
				FF06BA572658103000DFC75E /* Base */,
			);
			name = Main.storyboard;
			sourceTree = "<group>";
		};
		FF06BA5B2658103400DFC75E /* LaunchScreen.storyboard */ = {
			isa = PBXVariantGroup;
			children = (
				FF06BA5C2658103400DFC75E /* Base */,
			);
			name = LaunchScreen.storyboard;
			sourceTree = "<group>";
		};
/* End PBXVariantGroup section */

/* Begin XCBuildConfiguration section */
		FF06BA752658103400DFC75E /* Debug */ = {
			isa = XCBuildConfiguration;
			buildSettings = {
				ALWAYS_SEARCH_USER_PATHS = NO;
				CLANG_ANALYZER_NONNULL = YES;
				CLANG_ANALYZER_NUMBER_OBJECT_CONVERSION = YES_AGGRESSIVE;
				CLANG_CXX_LANGUAGE_STANDARD = "gnu++14";
				CLANG_CXX_LIBRARY = "libc++";
				CLANG_ENABLE_MODULES = YES;
				CLANG_ENABLE_OBJC_ARC = YES;
				CLANG_ENABLE_OBJC_WEAK = YES;
				CLANG_WARN_BLOCK_CAPTURE_AUTORELEASING = YES;
				CLANG_WARN_BOOL_CONVERSION = YES;
				CLANG_WARN_COMMA = YES;
				CLANG_WARN_CONSTANT_CONVERSION = YES;
				CLANG_WARN_DEPRECATED_OBJC_IMPLEMENTATIONS = YES;
				CLANG_WARN_DIRECT_OBJC_ISA_USAGE = YES_ERROR;
				CLANG_WARN_DOCUMENTATION_COMMENTS = YES;
				CLANG_WARN_EMPTY_BODY = YES;
				CLANG_WARN_ENUM_CONVERSION = YES;
				CLANG_WARN_INFINITE_RECURSION = YES;
				CLANG_WARN_INT_CONVERSION = YES;
				CLANG_WARN_NON_LITERAL_NULL_CONVERSION = YES;
				CLANG_WARN_OBJC_IMPLICIT_RETAIN_SELF = YES;
				CLANG_WARN_OBJC_LITERAL_CONVERSION = YES;
				CLANG_WARN_OBJC_ROOT_CLASS = YES_ERROR;
				CLANG_WARN_QUOTED_INCLUDE_IN_FRAMEWORK_HEADER = YES;
				CLANG_WARN_RANGE_LOOP_ANALYSIS = YES;
				CLANG_WARN_STRICT_PROTOTYPES = YES;
				CLANG_WARN_SUSPICIOUS_MOVE = YES;
				CLANG_WARN_UNGUARDED_AVAILABILITY = YES_AGGRESSIVE;
				CLANG_WARN_UNREACHABLE_CODE = YES;
				CLANG_WARN__DUPLICATE_METHOD_MATCH = YES;
				COPY_PHASE_STRIP = NO;
				DEBUG_INFORMATION_FORMAT = dwarf;
				ENABLE_STRICT_OBJC_MSGSEND = YES;
				ENABLE_TESTABILITY = YES;
				GCC_C_LANGUAGE_STANDARD = gnu11;
				GCC_DYNAMIC_NO_PIC = NO;
				GCC_NO_COMMON_BLOCKS = YES;
				GCC_OPTIMIZATION_LEVEL = 0;
				GCC_PREPROCESSOR_DEFINITIONS = (
					"DEBUG=1",
					"$(inherited)",
				);
				GCC_WARN_64_TO_32_BIT_CONVERSION = YES;
				GCC_WARN_ABOUT_RETURN_TYPE = YES_ERROR;
				GCC_WARN_UNDECLARED_SELECTOR = YES;
				GCC_WARN_UNINITIALIZED_AUTOS = YES_AGGRESSIVE;
				GCC_WARN_UNUSED_FUNCTION = YES;
				GCC_WARN_UNUSED_VARIABLE = YES;
				IPHONEOS_DEPLOYMENT_TARGET = 14.5;
				MTL_ENABLE_DEBUG_INFO = INCLUDE_SOURCE;
				MTL_FAST_MATH = YES;
				ONLY_ACTIVE_ARCH = YES;
				SDKROOT = iphoneos;
				SWIFT_ACTIVE_COMPILATION_CONDITIONS = DEBUG;
				SWIFT_OPTIMIZATION_LEVEL = "-Onone";
			};
			name = Debug;
		};
		FF06BA762658103400DFC75E /* Release */ = {
			isa = XCBuildConfiguration;
			buildSettings = {
				ALWAYS_SEARCH_USER_PATHS = NO;
				CLANG_ANALYZER_NONNULL = YES;
				CLANG_ANALYZER_NUMBER_OBJECT_CONVERSION = YES_AGGRESSIVE;
				CLANG_CXX_LANGUAGE_STANDARD = "gnu++14";
				CLANG_CXX_LIBRARY = "libc++";
				CLANG_ENABLE_MODULES = YES;
				CLANG_ENABLE_OBJC_ARC = YES;
				CLANG_ENABLE_OBJC_WEAK = YES;
				CLANG_WARN_BLOCK_CAPTURE_AUTORELEASING = YES;
				CLANG_WARN_BOOL_CONVERSION = YES;
				CLANG_WARN_COMMA = YES;
				CLANG_WARN_CONSTANT_CONVERSION = YES;
				CLANG_WARN_DEPRECATED_OBJC_IMPLEMENTATIONS = YES;
				CLANG_WARN_DIRECT_OBJC_ISA_USAGE = YES_ERROR;
				CLANG_WARN_DOCUMENTATION_COMMENTS = YES;
				CLANG_WARN_EMPTY_BODY = YES;
				CLANG_WARN_ENUM_CONVERSION = YES;
				CLANG_WARN_INFINITE_RECURSION = YES;
				CLANG_WARN_INT_CONVERSION = YES;
				CLANG_WARN_NON_LITERAL_NULL_CONVERSION = YES;
				CLANG_WARN_OBJC_IMPLICIT_RETAIN_SELF = YES;
				CLANG_WARN_OBJC_LITERAL_CONVERSION = YES;
				CLANG_WARN_OBJC_ROOT_CLASS = YES_ERROR;
				CLANG_WARN_QUOTED_INCLUDE_IN_FRAMEWORK_HEADER = YES;
				CLANG_WARN_RANGE_LOOP_ANALYSIS = YES;
				CLANG_WARN_STRICT_PROTOTYPES = YES;
				CLANG_WARN_SUSPICIOUS_MOVE = YES;
				CLANG_WARN_UNGUARDED_AVAILABILITY = YES_AGGRESSIVE;
				CLANG_WARN_UNREACHABLE_CODE = YES;
				CLANG_WARN__DUPLICATE_METHOD_MATCH = YES;
				COPY_PHASE_STRIP = NO;
				DEBUG_INFORMATION_FORMAT = "dwarf-with-dsym";
				ENABLE_NS_ASSERTIONS = NO;
				ENABLE_STRICT_OBJC_MSGSEND = YES;
				GCC_C_LANGUAGE_STANDARD = gnu11;
				GCC_NO_COMMON_BLOCKS = YES;
				GCC_WARN_64_TO_32_BIT_CONVERSION = YES;
				GCC_WARN_ABOUT_RETURN_TYPE = YES_ERROR;
				GCC_WARN_UNDECLARED_SELECTOR = YES;
				GCC_WARN_UNINITIALIZED_AUTOS = YES_AGGRESSIVE;
				GCC_WARN_UNUSED_FUNCTION = YES;
				GCC_WARN_UNUSED_VARIABLE = YES;
				IPHONEOS_DEPLOYMENT_TARGET = 14.5;
				MTL_ENABLE_DEBUG_INFO = NO;
				MTL_FAST_MATH = YES;
				SDKROOT = iphoneos;
				SWIFT_COMPILATION_MODE = wholemodule;
				SWIFT_OPTIMIZATION_LEVEL = "-O";
				VALIDATE_PRODUCT = YES;
			};
			name = Release;
		};
		FF06BA782658103500DFC75E /* Debug */ = {
			isa = XCBuildConfiguration;
			buildSettings = {
				ASSETCATALOG_COMPILER_APPICON_NAME = AppIcon;
				ASSETCATALOG_COMPILER_GLOBAL_ACCENT_COLOR_NAME = AccentColor;
				CODE_SIGN_STYLE = Automatic;
				INFOPLIST_FILE = MangDream/Info.plist;
				IPHONEOS_DEPLOYMENT_TARGET = 14.1;
				LD_RUNPATH_SEARCH_PATHS = (
					"$(inherited)",
					"@executable_path/Frameworks",
				);
				PRODUCT_BUNDLE_IDENTIFIER = kinesys.me.MangDream;
				PRODUCT_NAME = "$(TARGET_NAME)";
				SWIFT_VERSION = 5.0;
				TARGETED_DEVICE_FAMILY = "1,2";
			};
			name = Debug;
		};
		FF06BA792658103500DFC75E /* Release */ = {
			isa = XCBuildConfiguration;
			buildSettings = {
				ASSETCATALOG_COMPILER_APPICON_NAME = AppIcon;
				ASSETCATALOG_COMPILER_GLOBAL_ACCENT_COLOR_NAME = AccentColor;
				CODE_SIGN_STYLE = Automatic;
				INFOPLIST_FILE = MangDream/Info.plist;
				IPHONEOS_DEPLOYMENT_TARGET = 14.1;
				LD_RUNPATH_SEARCH_PATHS = (
					"$(inherited)",
					"@executable_path/Frameworks",
				);
				PRODUCT_BUNDLE_IDENTIFIER = kinesys.me.MangDream;
				PRODUCT_NAME = "$(TARGET_NAME)";
				SWIFT_VERSION = 5.0;
				TARGETED_DEVICE_FAMILY = "1,2";
			};
			name = Release;
		};
		FF06BA7B2658103500DFC75E /* Debug */ = {
			isa = XCBuildConfiguration;
			buildSettings = {
				ALWAYS_EMBED_SWIFT_STANDARD_LIBRARIES = YES;
				BUNDLE_LOADER = "$(TEST_HOST)";
				CODE_SIGN_STYLE = Automatic;
				INFOPLIST_FILE = MangDreamTests/Info.plist;
				IPHONEOS_DEPLOYMENT_TARGET = 14.5;
				LD_RUNPATH_SEARCH_PATHS = (
					"$(inherited)",
					"@executable_path/Frameworks",
					"@loader_path/Frameworks",
				);
				PRODUCT_BUNDLE_IDENTIFIER = kinesys.me.MangDreamTests;
				PRODUCT_NAME = "$(TARGET_NAME)";
				SWIFT_VERSION = 5.0;
				TARGETED_DEVICE_FAMILY = "1,2";
				TEST_HOST = "$(BUILT_PRODUCTS_DIR)/MangDream.app/MangDream";
			};
			name = Debug;
		};
		FF06BA7C2658103500DFC75E /* Release */ = {
			isa = XCBuildConfiguration;
			buildSettings = {
				ALWAYS_EMBED_SWIFT_STANDARD_LIBRARIES = YES;
				BUNDLE_LOADER = "$(TEST_HOST)";
				CODE_SIGN_STYLE = Automatic;
				INFOPLIST_FILE = MangDreamTests/Info.plist;
				IPHONEOS_DEPLOYMENT_TARGET = 14.5;
				LD_RUNPATH_SEARCH_PATHS = (
					"$(inherited)",
					"@executable_path/Frameworks",
					"@loader_path/Frameworks",
				);
				PRODUCT_BUNDLE_IDENTIFIER = kinesys.me.MangDreamTests;
				PRODUCT_NAME = "$(TARGET_NAME)";
				SWIFT_VERSION = 5.0;
				TARGETED_DEVICE_FAMILY = "1,2";
				TEST_HOST = "$(BUILT_PRODUCTS_DIR)/MangDream.app/MangDream";
			};
			name = Release;
		};
		FF06BA7E2658103500DFC75E /* Debug */ = {
			isa = XCBuildConfiguration;
			buildSettings = {
				ALWAYS_EMBED_SWIFT_STANDARD_LIBRARIES = YES;
				CODE_SIGN_STYLE = Automatic;
				INFOPLIST_FILE = MangDreamUITests/Info.plist;
				LD_RUNPATH_SEARCH_PATHS = (
					"$(inherited)",
					"@executable_path/Frameworks",
					"@loader_path/Frameworks",
				);
				PRODUCT_BUNDLE_IDENTIFIER = kinesys.me.MangDreamUITests;
				PRODUCT_NAME = "$(TARGET_NAME)";
				SWIFT_VERSION = 5.0;
				TARGETED_DEVICE_FAMILY = "1,2";
				TEST_TARGET_NAME = MangDream;
			};
			name = Debug;
		};
		FF06BA7F2658103500DFC75E /* Release */ = {
			isa = XCBuildConfiguration;
			buildSettings = {
				ALWAYS_EMBED_SWIFT_STANDARD_LIBRARIES = YES;
				CODE_SIGN_STYLE = Automatic;
				INFOPLIST_FILE = MangDreamUITests/Info.plist;
				LD_RUNPATH_SEARCH_PATHS = (
					"$(inherited)",
					"@executable_path/Frameworks",
					"@loader_path/Frameworks",
				);
				PRODUCT_BUNDLE_IDENTIFIER = kinesys.me.MangDreamUITests;
				PRODUCT_NAME = "$(TARGET_NAME)";
				SWIFT_VERSION = 5.0;
				TARGETED_DEVICE_FAMILY = "1,2";
				TEST_TARGET_NAME = MangDream;
			};
			name = Release;
		};
/* End XCBuildConfiguration section */

/* Begin XCConfigurationList section */
		FF06BA482658103000DFC75E /* Build configuration list for PBXProject "MangDream" */ = {
			isa = XCConfigurationList;
			buildConfigurations = (
				FF06BA752658103400DFC75E /* Debug */,
				FF06BA762658103400DFC75E /* Release */,
			);
			defaultConfigurationIsVisible = 0;
			defaultConfigurationName = Release;
		};
		FF06BA772658103500DFC75E /* Build configuration list for PBXNativeTarget "MangDream" */ = {
			isa = XCConfigurationList;
			buildConfigurations = (
				FF06BA782658103500DFC75E /* Debug */,
				FF06BA792658103500DFC75E /* Release */,
			);
			defaultConfigurationIsVisible = 0;
			defaultConfigurationName = Release;
		};
		FF06BA7A2658103500DFC75E /* Build configuration list for PBXNativeTarget "MangDreamTests" */ = {
			isa = XCConfigurationList;
			buildConfigurations = (
				FF06BA7B2658103500DFC75E /* Debug */,
				FF06BA7C2658103500DFC75E /* Release */,
			);
			defaultConfigurationIsVisible = 0;
			defaultConfigurationName = Release;
		};
		FF06BA7D2658103500DFC75E /* Build configuration list for PBXNativeTarget "MangDreamUITests" */ = {
			isa = XCConfigurationList;
			buildConfigurations = (
				FF06BA7E2658103500DFC75E /* Debug */,
				FF06BA7F2658103500DFC75E /* Release */,
			);
			defaultConfigurationIsVisible = 0;
			defaultConfigurationName = Release;
		};
/* End XCConfigurationList section */
	};
	rootObject = FF06BA452658103000DFC75E /* Project object */;
}
